
Microsoft Visual Studio Solution File, Format Version 12.00
# Visual Studio 15
VisualStudioVersion = 15.0.26430.13
MinimumVisualStudioVersion = 10.0.40219.1
Project("{FAE04EC0-301F-11D3-BF4B-00C04F79EFBC}") = "Infnet.Aspnet.Assessment.Api", "Infnet.Aspnet.Assessment.Api\Infnet.Aspnet.Assessment.Api.csproj", "{82A365E0-BB49-4B0C-A99B-2FC069CD5C58}"
EndProject
Project("{FAE04EC0-301F-11D3-BF4B-00C04F79EFBC}") = "Infnet.Aspnet.Assessment.Presentation", "Infnet.Aspnet.Assessment.Presentation\Infnet.Aspnet.Assessment.Presentation.csproj", "{A59CAB27-754D-4AF7-828C-F872889CF116}"
EndProject
Project("{FAE04EC0-301F-11D3-BF4B-00C04F79EFBC}") = "Infnet.Aspnet.Assessment.Data", "Infnet.Aspnet.Assessment.Data\Infnet.Aspnet.Assessment.Data.csproj", "{9656C71C-7BF4-4D02-BB65-D371F7FD540A}"
EndProject
Project("{FAE04EC0-301F-11D3-BF4B-00C04F79EFBC}") = "Infnet.Aspnet.Assessment.Entities", "Infnet.Aspnet.Assessment.Entities\Infnet.Aspnet.Assessment.Entities.csproj", "{B318804E-9A9A-400A-BAAA-2FDF96DA6F12}"
EndProject
Global
	GlobalSection(SolutionConfigurationPlatforms) = preSolution
		Debug|Any CPU = Debug|Any CPU
		Release|Any CPU = Release|Any CPU
	EndGlobalSection
	GlobalSection(ProjectConfigurationPlatforms) = postSolution
		{82A365E0-BB49-4B0C-A99B-2FC069CD5C58}.Debug|Any CPU.ActiveCfg = Debug|Any CPU
		{82A365E0-BB49-4B0C-A99B-2FC069CD5C58}.Debug|Any CPU.Build.0 = Debug|Any CPU
		{82A365E0-BB49-4B0C-A99B-2FC069CD5C58}.Release|Any CPU.ActiveCfg = Release|Any CPU
		{82A365E0-BB49-4B0C-A99B-2FC069CD5C58}.Release|Any CPU.Build.0 = Release|Any CPU
		{A59CAB27-754D-4AF7-828C-F872889CF116}.Debug|Any CPU.ActiveCfg = Debug|Any CPU
		{A59CAB27-754D-4AF7-828C-F872889CF116}.Debug|Any CPU.Build.0 = Debug|Any CPU
		{A59CAB27-754D-4AF7-828C-F872889CF116}.Release|Any CPU.ActiveCfg = Release|Any CPU
		{A59CAB27-754D-4AF7-828C-F872889CF116}.Release|Any CPU.Build.0 = Release|Any CPU
		{9656C71C-7BF4-4D02-BB65-D371F7FD540A}.Debug|Any CPU.ActiveCfg = Debug|Any CPU
		{9656C71C-7BF4-4D02-BB65-D371F7FD540A}.Debug|Any CPU.Build.0 = Debug|Any CPU
		{9656C71C-7BF4-4D02-BB65-D371F7FD540A}.Release|Any CPU.ActiveCfg = Release|Any CPU
		{9656C71C-7BF4-4D02-BB65-D371F7FD540A}.Release|Any CPU.Build.0 = Release|Any CPU
		{B318804E-9A9A-400A-BAAA-2FDF96DA6F12}.Debug|Any CPU.ActiveCfg = Debug|Any CPU
		{B318804E-9A9A-400A-BAAA-2FDF96DA6F12}.Debug|Any CPU.Build.0 = Debug|Any CPU
		{B318804E-9A9A-400A-BAAA-2FDF96DA6F12}.Release|Any CPU.ActiveCfg = Release|Any CPU
		{B318804E-9A9A-400A-BAAA-2FDF96DA6F12}.Release|Any CPU.Build.0 = Release|Any CPU
	EndGlobalSection
	GlobalSection(SolutionProperties) = preSolution
		HideSolutionNode = FALSE
	EndGlobalSection
EndGlobal
